{
    "name": "slides",
    "version": "1.0.0",
    "lockfileVersion": 3,
    "requires": true,
    "packages": {
        "": {
            "name": "slides",
            "version": "1.0.0",
            "dependencies": {
                "slides": "file:"
            }
        },
        "node_modules/slides": {
            "resolved": "",
            "link": true
        }
    }
}
